# This file is automatically @generated by Cargo.
# It is not intended for manual editing.
version = 4

[[package]]
name = "markdown-prose-hooks"
version = "0.3.0"
source = "registry+https://github.com/rust-lang/crates.io-index"
checksum = "950102de5e71ab9d4b88926255568260d869abaf272e097919b2d45824046108"

[[package]]
name = "markdown-prose-hooks-rs"
version = "0.3.0"
dependencies = [
 "markdown-prose-hooks",
]
